
Microsoft Visual Studio Solution File, Format Version 12.00
# Visual Studio Version 16
VisualStudioVersion = 16.0.33214.272
MinimumVisualStudioVersion = 10.0.40219.1
Project("{FAE04EC0-301F-11D3-BF4B-00C04F79EFBC}") = "BackendDemo.Core", "BackendDemo.Core\BackendDemo.Core.csproj", "{06D916BE-01A4-4843-B11D-745833ACF265}"
EndProject
Project("{FAE04EC0-301F-11D3-BF4B-00C04F79EFBC}") = "BackendDemo.Northwind.Entities", "BackendDemo.Northwind.Entities\BackendDemo.Northwind.Entities.csproj", "{A8147EA9-70D1-4F0A-8B8B-D361F91DD5AF}"
EndProject
Project("{FAE04EC0-301F-11D3-BF4B-00C04F79EFBC}") = "BackendDemo.Northwind.DataAccess", "BackendDemo.Northwind.DataAccess\BackendDemo.Northwind.DataAccess.csproj", "{34531E3A-0E48-45A0-9678-DE5C6A559D8B}"
EndProject
Project("{FAE04EC0-301F-11D3-BF4B-00C04F79EFBC}") = "BackendDemo.Northwind.Business", "BackendDemo.Northwind.Business\BackendDemo.Northwind.Business.csproj", "{6D66F3B1-59BD-4B99-A9C5-787AC4F803E8}"
EndProject
Project("{FAE04EC0-301F-11D3-BF4B-00C04F79EFBC}") = "BackendDemo.Northwind.MvcWebUI", "BackendDemo.Northwind.MvcWebUI\BackendDemo.Northwind.MvcWebUI.csproj", "{E56F9AF3-0A9D-424A-8B96-1893A156B24A}"
EndProject
Project("{FAE04EC0-301F-11D3-BF4B-00C04F79EFBC}") = "BackendDemo.Northwind.MvcWebUI.Tests", "BackendDemo.Northwind.MvcWebUI.Tests\BackendDemo.Northwind.MvcWebUI.Tests.csproj", "{0AA20F87-64F6-48B3-88CE-BC49C86D442D}"
EndProject
Project("{FAE04EC0-301F-11D3-BF4B-00C04F79EFBC}") = "BackendDemo.DataAccess.Tests", "BackendDemo.DataAccess.Tests\BackendDemo.DataAccess.Tests.csproj", "{99FBEE12-5CD1-4E66-9BAF-763ECECD6BEF}"
EndProject
Project("{FAE04EC0-301F-11D3-BF4B-00C04F79EFBC}") = "BackendDemo.Northwind.Business.Tests", "BackendDemo.Northwind.Business.Tests\BackendDemo.Northwind.Business.Tests.csproj", "{AF38ED57-2DA2-4044-AB8E-10C1BCBC34EA}"
EndProject
Project("{FAE04EC0-301F-11D3-BF4B-00C04F79EFBC}") = "BackendDemo.Northwind.WebApi", "BackendDemo.Northwind.WebApi\BackendDemo.Northwind.WebApi.csproj", "{7BA433C0-A3DD-4DCF-B5F7-C3B1C883F431}"
EndProject
Project("{E24C65DC-7377-472B-9ABA-BC803B73C61A}") = "BackendDemo.Northwind.WcfService", "BackendDemo.Northwind.WcfService\", "{EFD03C44-AE0E-4288-B008-459EF75C5927}"
	ProjectSection(WebsiteProperties) = preProject
		TargetFrameworkMoniker = ".NETFramework,Version%3Dv4.7.2"
		Debug.AspNetCompiler.VirtualPath = "/localhost_51089"
		Debug.AspNetCompiler.PhysicalPath = "BackendDemo.Northwind.WcfService\"
		Debug.AspNetCompiler.TargetPath = "PrecompiledWeb\localhost_51089\"
		Debug.AspNetCompiler.Updateable = "true"
		Debug.AspNetCompiler.ForceOverwrite = "true"
		Debug.AspNetCompiler.FixedNames = "false"
		Debug.AspNetCompiler.Debug = "True"
		Release.AspNetCompiler.VirtualPath = "/localhost_51089"
		Release.AspNetCompiler.PhysicalPath = "BackendDemo.Northwind.WcfService\"
		Release.AspNetCompiler.TargetPath = "PrecompiledWeb\localhost_51089\"
		Release.AspNetCompiler.Updateable = "true"
		Release.AspNetCompiler.ForceOverwrite = "true"
		Release.AspNetCompiler.FixedNames = "false"
		Release.AspNetCompiler.Debug = "False"
		VWDPort = "51089"
		SlnRelativePath = "BackendDemo.Northwind.WcfService\"
		DefaultWebSiteLanguage = "Visual C#"
	EndProjectSection
EndProject
Global
	GlobalSection(SolutionConfigurationPlatforms) = preSolution
		Debug|Any CPU = Debug|Any CPU
		Release|Any CPU = Release|Any CPU
	EndGlobalSection
	GlobalSection(ProjectConfigurationPlatforms) = postSolution
		{06D916BE-01A4-4843-B11D-745833ACF265}.Debug|Any CPU.ActiveCfg = Debug|Any CPU
		{06D916BE-01A4-4843-B11D-745833ACF265}.Debug|Any CPU.Build.0 = Debug|Any CPU
		{06D916BE-01A4-4843-B11D-745833ACF265}.Release|Any CPU.ActiveCfg = Release|Any CPU
		{06D916BE-01A4-4843-B11D-745833ACF265}.Release|Any CPU.Build.0 = Release|Any CPU
		{A8147EA9-70D1-4F0A-8B8B-D361F91DD5AF}.Debug|Any CPU.ActiveCfg = Debug|Any CPU
		{A8147EA9-70D1-4F0A-8B8B-D361F91DD5AF}.Debug|Any CPU.Build.0 = Debug|Any CPU
		{A8147EA9-70D1-4F0A-8B8B-D361F91DD5AF}.Release|Any CPU.ActiveCfg = Release|Any CPU
		{A8147EA9-70D1-4F0A-8B8B-D361F91DD5AF}.Release|Any CPU.Build.0 = Release|Any CPU
		{34531E3A-0E48-45A0-9678-DE5C6A559D8B}.Debug|Any CPU.ActiveCfg = Debug|Any CPU
		{34531E3A-0E48-45A0-9678-DE5C6A559D8B}.Debug|Any CPU.Build.0 = Debug|Any CPU
		{34531E3A-0E48-45A0-9678-DE5C6A559D8B}.Release|Any CPU.ActiveCfg = Release|Any CPU
		{34531E3A-0E48-45A0-9678-DE5C6A559D8B}.Release|Any CPU.Build.0 = Release|Any CPU
		{6D66F3B1-59BD-4B99-A9C5-787AC4F803E8}.Debug|Any CPU.ActiveCfg = Debug|Any CPU
		{6D66F3B1-59BD-4B99-A9C5-787AC4F803E8}.Debug|Any CPU.Build.0 = Debug|Any CPU
		{6D66F3B1-59BD-4B99-A9C5-787AC4F803E8}.Release|Any CPU.ActiveCfg = Release|Any CPU
		{6D66F3B1-59BD-4B99-A9C5-787AC4F803E8}.Release|Any CPU.Build.0 = Release|Any CPU
		{E56F9AF3-0A9D-424A-8B96-1893A156B24A}.Debug|Any CPU.ActiveCfg = Debug|Any CPU
		{E56F9AF3-0A9D-424A-8B96-1893A156B24A}.Debug|Any CPU.Build.0 = Debug|Any CPU
		{E56F9AF3-0A9D-424A-8B96-1893A156B24A}.Release|Any CPU.ActiveCfg = Release|Any CPU
		{E56F9AF3-0A9D-424A-8B96-1893A156B24A}.Release|Any CPU.Build.0 = Release|Any CPU
		{0AA20F87-64F6-48B3-88CE-BC49C86D442D}.Debug|Any CPU.ActiveCfg = Debug|Any CPU
		{0AA20F87-64F6-48B3-88CE-BC49C86D442D}.Debug|Any CPU.Build.0 = Debug|Any CPU
		{0AA20F87-64F6-48B3-88CE-BC49C86D442D}.Release|Any CPU.ActiveCfg = Release|Any CPU
		{0AA20F87-64F6-48B3-88CE-BC49C86D442D}.Release|Any CPU.Build.0 = Release|Any CPU
		{99FBEE12-5CD1-4E66-9BAF-763ECECD6BEF}.Debug|Any CPU.ActiveCfg = Debug|Any CPU
		{99FBEE12-5CD1-4E66-9BAF-763ECECD6BEF}.Debug|Any CPU.Build.0 = Debug|Any CPU
		{99FBEE12-5CD1-4E66-9BAF-763ECECD6BEF}.Release|Any CPU.ActiveCfg = Release|Any CPU
		{99FBEE12-5CD1-4E66-9BAF-763ECECD6BEF}.Release|Any CPU.Build.0 = Release|Any CPU
		{AF38ED57-2DA2-4044-AB8E-10C1BCBC34EA}.Debug|Any CPU.ActiveCfg = Debug|Any CPU
		{AF38ED57-2DA2-4044-AB8E-10C1BCBC34EA}.Debug|Any CPU.Build.0 = Debug|Any CPU
		{AF38ED57-2DA2-4044-AB8E-10C1BCBC34EA}.Release|Any CPU.ActiveCfg = Release|Any CPU
		{AF38ED57-2DA2-4044-AB8E-10C1BCBC34EA}.Release|Any CPU.Build.0 = Release|Any CPU
		{7BA433C0-A3DD-4DCF-B5F7-C3B1C883F431}.Debug|Any CPU.ActiveCfg = Debug|Any CPU
		{7BA433C0-A3DD-4DCF-B5F7-C3B1C883F431}.Debug|Any CPU.Build.0 = Debug|Any CPU
		{7BA433C0-A3DD-4DCF-B5F7-C3B1C883F431}.Release|Any CPU.ActiveCfg = Release|Any CPU
		{7BA433C0-A3DD-4DCF-B5F7-C3B1C883F431}.Release|Any CPU.Build.0 = Release|Any CPU
		{EFD03C44-AE0E-4288-B008-459EF75C5927}.Debug|Any CPU.ActiveCfg = Debug|Any CPU
		{EFD03C44-AE0E-4288-B008-459EF75C5927}.Debug|Any CPU.Build.0 = Debug|Any CPU
		{EFD03C44-AE0E-4288-B008-459EF75C5927}.Release|Any CPU.ActiveCfg = Debug|Any CPU
		{EFD03C44-AE0E-4288-B008-459EF75C5927}.Release|Any CPU.Build.0 = Debug|Any CPU
	EndGlobalSection
	GlobalSection(SolutionProperties) = preSolution
		HideSolutionNode = FALSE
	EndGlobalSection
	GlobalSection(ExtensibilityGlobals) = postSolution
		SolutionGuid = {0246F4C2-2BF2-4315-8BD3-E492A5798F4B}
	EndGlobalSection
EndGlobal
